// !$*UTF8*$!
{
	archiveVersion = 1;
	classes = {
	};
	objectVersion = 55;
	objects = {

/* Begin PBXBuildFile section */
		10FBB5302832947E005673AF /* CalculadoraController.swift in Sources */ = {isa = PBXBuildFile; fileRef = 10FBB52F2832947E005673AF /* CalculadoraController.swift */; };
		10FBB5322832D2F5005673AF /* AgregarCliente(POST).swift in Sources */ = {isa = PBXBuildFile; fileRef = 10FBB5312832D2F5005673AF /* AgregarCliente(POST).swift */; };
		10FBB5342832D9FD005673AF /* ClienteModelo.swift in Sources */ = {isa = PBXBuildFile; fileRef = 10FBB5332832D9FD005673AF /* ClienteModelo.swift */; };
		10FBB5362832E572005673AF /* ConectApi.swift in Sources */ = {isa = PBXBuildFile; fileRef = 10FBB5352832E572005673AF /* ConectApi.swift */; };
		10FBB5382832E74B005673AF /* GetClientes.swift in Sources */ = {isa = PBXBuildFile; fileRef = 10FBB5372832E74B005673AF /* GetClientes.swift */; };
		184ABEC92831A2F500A15A73 /* CalculadoraDeIMCApp.swift in Sources */ = {isa = PBXBuildFile; fileRef = 184ABEC82831A2F500A15A73 /* CalculadoraDeIMCApp.swift */; };
		184ABECB2831A2F500A15A73 /* ContentView.swift in Sources */ = {isa = PBXBuildFile; fileRef = 184ABECA2831A2F500A15A73 /* ContentView.swift */; };
		184ABECD2831A2FB00A15A73 /* Assets.xcassets in Resources */ = {isa = PBXBuildFile; fileRef = 184ABECC2831A2FB00A15A73 /* Assets.xcassets */; };
		184ABED02831A2FB00A15A73 /* Preview Assets.xcassets in Resources */ = {isa = PBXBuildFile; fileRef = 184ABECF2831A2FB00A15A73 /* Preview Assets.xcassets */; };
		184ABED72831EDA400A15A73 /* CalculadoraView.swift in Sources */ = {isa = PBXBuildFile; fileRef = 184ABED62831EDA400A15A73 /* CalculadoraView.swift */; };
/* End PBXBuildFile section */

/* Begin PBXFileReference section */
		10FBB52F2832947E005673AF /* CalculadoraController.swift */ = {isa = PBXFileReference; lastKnownFileType = sourcecode.swift; path = CalculadoraController.swift; sourceTree = "<group>"; };
		10FBB5312832D2F5005673AF /* AgregarCliente(POST).swift */ = {isa = PBXFileReference; lastKnownFileType = sourcecode.swift; path = "AgregarCliente(POST).swift"; sourceTree = "<group>"; };
		10FBB5332832D9FD005673AF /* ClienteModelo.swift */ = {isa = PBXFileReference; lastKnownFileType = sourcecode.swift; path = ClienteModelo.swift; sourceTree = "<group>"; };
		10FBB5352832E572005673AF /* ConectApi.swift */ = {isa = PBXFileReference; lastKnownFileType = sourcecode.swift; path = ConectApi.swift; sourceTree = "<group>"; };
		10FBB5372832E74B005673AF /* GetClientes.swift */ = {isa = PBXFileReference; lastKnownFileType = sourcecode.swift; path = GetClientes.swift; sourceTree = "<group>"; };
		184ABEC52831A2F500A15A73 /* CalculadoraDeIMC.app */ = {isa = PBXFileReference; explicitFileType = wrapper.application; includeInIndex = 0; path = CalculadoraDeIMC.app; sourceTree = BUILT_PRODUCTS_DIR; };
		184ABEC82831A2F500A15A73 /* CalculadoraDeIMCApp.swift */ = {isa = PBXFileReference; lastKnownFileType = sourcecode.swift; path = CalculadoraDeIMCApp.swift; sourceTree = "<group>"; };
		184ABECA2831A2F500A15A73 /* ContentView.swift */ = {isa = PBXFileReference; lastKnownFileType = sourcecode.swift; path = ContentView.swift; sourceTree = "<group>"; };
		184ABECC2831A2FB00A15A73 /* Assets.xcassets */ = {isa = PBXFileReference; lastKnownFileType = folder.assetcatalog; path = Assets.xcassets; sourceTree = "<group>"; };
		184ABECF2831A2FB00A15A73 /* Preview Assets.xcassets */ = {isa = PBXFileReference; lastKnownFileType = folder.assetcatalog; path = "Preview Assets.xcassets"; sourceTree = "<group>"; };
		184ABED62831EDA400A15A73 /* CalculadoraView.swift */ = {isa = PBXFileReference; lastKnownFileType = sourcecode.swift; path = CalculadoraView.swift; sourceTree = "<group>"; };
/* End PBXFileReference section */

/* Begin PBXFrameworksBuildPhase section */
		184ABEC22831A2F500A15A73 /* Frameworks */ = {
			isa = PBXFrameworksBuildPhase;
			buildActionMask = 2147483647;
			files = (
			);
			runOnlyForDeploymentPostprocessing = 0;
		};
/* End PBXFrameworksBuildPhase section */

/* Begin PBXGroup section */
		184ABEBC2831A2F500A15A73 = {
			isa = PBXGroup;
			children = (
				184ABEC72831A2F500A15A73 /* CalculadoraDeIMC */,
				184ABEC62831A2F500A15A73 /* Products */,
			);
			sourceTree = "<group>";
		};
		184ABEC62831A2F500A15A73 /* Products */ = {
			isa = PBXGroup;
			children = (
				184ABEC52831A2F500A15A73 /* CalculadoraDeIMC.app */,
			);
			name = Products;
			sourceTree = "<group>";
		};
		184ABEC72831A2F500A15A73 /* CalculadoraDeIMC */ = {
			isa = PBXGroup;
			children = (
				184ABEC82831A2F500A15A73 /* CalculadoraDeIMCApp.swift */,
				184ABECA2831A2F500A15A73 /* ContentView.swift */,
				184ABED62831EDA400A15A73 /* CalculadoraView.swift */,
				184ABECC2831A2FB00A15A73 /* Assets.xcassets */,
				184ABECE2831A2FB00A15A73 /* Preview Content */,
				10FBB52F2832947E005673AF /* CalculadoraController.swift */,
				10FBB5312832D2F5005673AF /* AgregarCliente(POST).swift */,
				10FBB5332832D9FD005673AF /* ClienteModelo.swift */,
				10FBB5352832E572005673AF /* ConectApi.swift */,
				10FBB5372832E74B005673AF /* GetClientes.swift */,
			);
			path = CalculadoraDeIMC;
			sourceTree = "<group>";
		};
		184ABECE2831A2FB00A15A73 /* Preview Content */ = {
			isa = PBXGroup;
			children = (
				184ABECF2831A2FB00A15A73 /* Preview Assets.xcassets */,
			);
			path = "Preview Content";
			sourceTree = "<group>";
		};
/* End PBXGroup section */

/* Begin PBXNativeTarget section */
		184ABEC42831A2F500A15A73 /* CalculadoraDeIMC */ = {
			isa = PBXNativeTarget;
			buildConfigurationList = 184ABED32831A2FB00A15A73 /* Build configuration list for PBXNativeTarget "CalculadoraDeIMC" */;
			buildPhases = (
				184ABEC12831A2F500A15A73 /* Sources */,
				184ABEC22831A2F500A15A73 /* Frameworks */,
				184ABEC32831A2F500A15A73 /* Resources */,
			);
			buildRules = (
			);
			dependencies = (
			);
			name = CalculadoraDeIMC;
			productName = CalculadoraDeIMC;
			productReference = 184ABEC52831A2F500A15A73 /* CalculadoraDeIMC.app */;
			productType = "com.apple.product-type.application";
		};
/* End PBXNativeTarget section */

/* Begin PBXProject section */
		184ABEBD2831A2F500A15A73 /* Project object */ = {
			isa = PBXProject;
			attributes = {
				BuildIndependentTargetsInParallel = 1;
				LastSwiftUpdateCheck = 1330;
				LastUpgradeCheck = 1330;
				TargetAttributes = {
					184ABEC42831A2F500A15A73 = {
						CreatedOnToolsVersion = 13.3.1;
					};
				};
			};
			buildConfigurationList = 184ABEC02831A2F500A15A73 /* Build configuration list for PBXProject "CalculadoraDeIMC" */;
			compatibilityVersion = "Xcode 13.0";
			developmentRegion = en;
			hasScannedForEncodings = 0;
			knownRegions = (
				en,
				Base,
			);
			mainGroup = 184ABEBC2831A2F500A15A73;
			productRefGroup = 184ABEC62831A2F500A15A73 /* Products */;
			projectDirPath = "";
			projectRoot = "";
			targets = (
				184ABEC42831A2F500A15A73 /* CalculadoraDeIMC */,
			);
		};
/* End PBXProject section */

/* Begin PBXResourcesBuildPhase section */
		184ABEC32831A2F500A15A73 /* Resources */ = {
			isa = PBXResourcesBuildPhase;
			buildActionMask = 2147483647;
			files = (
				184ABED02831A2FB00A15A73 /* Preview Assets.xcassets in Resources */,
				184ABECD2831A2FB00A15A73 /* Assets.xcassets in Resources */,
			);
			runOnlyForDeploymentPostprocessing = 0;
		};
/* End PBXResourcesBuildPhase section */

/* Begin PBXSourcesBuildPhase section */
		184ABEC12831A2F500A15A73 /* Sources */ = {
			isa = PBXSourcesBuildPhase;
			buildActionMask = 2147483647;
			files = (
				184ABECB2831A2F500A15A73 /* ContentView.swift in Sources */,
				10FBB5302832947E005673AF /* CalculadoraController.swift in Sources */,
				184ABEC92831A2F500A15A73 /* CalculadoraDeIMCApp.swift in Sources */,
				10FBB5382832E74B005673AF /* GetClientes.swift in Sources */,
				184ABED72831EDA400A15A73 /* CalculadoraView.swift in Sources */,
				10FBB5342832D9FD005673AF /* ClienteModelo.swift in Sources */,
				10FBB5322832D2F5005673AF /* AgregarCliente(POST).swift in Sources */,
				10FBB5362832E572005673AF /* ConectApi.swift in Sources */,
			);
			runOnlyForDeploymentPostprocessing = 0;
		};
/* End PBXSourcesBuildPhase section */

/* Begin XCBuildConfiguration section */
		184ABED12831A2FB00A15A73 /* Debug */ = {
			isa = XCBuildConfiguration;
			buildSettings = {
				ALWAYS_SEARCH_USER_PATHS = NO;
				CLANG_ANALYZER_NONNULL = YES;
				CLANG_ANALYZER_NUMBER_OBJECT_CONVERSION = YES_AGGRESSIVE;
				CLANG_CXX_LANGUAGE_STANDARD = "gnu++17";
				CLANG_ENABLE_MODULES = YES;
				CLANG_ENABLE_OBJC_ARC = YES;
				CLANG_ENABLE_OBJC_WEAK = YES;
				CLANG_WARN_BLOCK_CAPTURE_AUTORELEASING = YES;
				CLANG_WARN_BOOL_CONVERSION = YES;
				CLANG_WARN_COMMA = YES;
				CLANG_WARN_CONSTANT_CONVERSION = YES;
				CLANG_WARN_DEPRECATED_OBJC_IMPLEMENTATIONS = YES;
				CLANG_WARN_DIRECT_OBJC_ISA_USAGE = YES_ERROR;
				CLANG_WARN_DOCUMENTATION_COMMENTS = YES;
				CLANG_WARN_EMPTY_BODY = YES;
				CLANG_WARN_ENUM_CONVERSION = YES;
				CLANG_WARN_INFINITE_RECURSION = YES;
				CLANG_WARN_INT_CONVERSION = YES;
				CLANG_WARN_NON_LITERAL_NULL_CONVERSION = YES;
				CLANG_WARN_OBJC_IMPLICIT_RETAIN_SELF = YES;
				CLANG_WARN_OBJC_LITERAL_CONVERSION = YES;
				CLANG_WARN_OBJC_ROOT_CLASS = YES_ERROR;
				CLANG_WARN_QUOTED_INCLUDE_IN_FRAMEWORK_HEADER = YES;
				CLANG_WARN_RANGE_LOOP_ANALYSIS = YES;
				CLANG_WARN_STRICT_PROTOTYPES = YES;
				CLANG_WARN_SUSPICIOUS_MOVE = YES;
				CLANG_WARN_UNGUARDED_AVAILABILITY = YES_AGGRESSIVE;
				CLANG_WARN_UNREACHABLE_CODE = YES;
				CLANG_WARN__DUPLICATE_METHOD_MATCH = YES;
				COPY_PHASE_STRIP = NO;
				DEBUG_INFORMATION_FORMAT = dwarf;
				ENABLE_STRICT_OBJC_MSGSEND = YES;
				ENABLE_TESTABILITY = YES;
				GCC_C_LANGUAGE_STANDARD = gnu11;
				GCC_DYNAMIC_NO_PIC = NO;
				GCC_NO_COMMON_BLOCKS = YES;
				GCC_OPTIMIZATION_LEVEL = 0;
				GCC_PREPROCESSOR_DEFINITIONS = (
					"DEBUG=1",
					"$(inherited)",
				);
				GCC_WARN_64_TO_32_BIT_CONVERSION = YES;
				GCC_WARN_ABOUT_RETURN_TYPE = YES_ERROR;
				GCC_WARN_UNDECLARED_SELECTOR = YES;
				GCC_WARN_UNINITIALIZED_AUTOS = YES_AGGRESSIVE;
				GCC_WARN_UNUSED_FUNCTION = YES;
				GCC_WARN_UNUSED_VARIABLE = YES;
				IPHONEOS_DEPLOYMENT_TARGET = 15.4;
				MTL_ENABLE_DEBUG_INFO = INCLUDE_SOURCE;
				MTL_FAST_MATH = YES;
				ONLY_ACTIVE_ARCH = YES;
				SDKROOT = iphoneos;
				SWIFT_ACTIVE_COMPILATION_CONDITIONS = DEBUG;
				SWIFT_OPTIMIZATION_LEVEL = "-Onone";
			};
			name = Debug;
		};
		184ABED22831A2FB00A15A73 /* Release */ = {
			isa = XCBuildConfiguration;
			buildSettings = {
				ALWAYS_SEARCH_USER_PATHS = NO;
				CLANG_ANALYZER_NONNULL = YES;
				CLANG_ANALYZER_NUMBER_OBJECT_CONVERSION = YES_AGGRESSIVE;
				CLANG_CXX_LANGUAGE_STANDARD = "gnu++17";
				CLANG_ENABLE_MODULES = YES;
				CLANG_ENABLE_OBJC_ARC = YES;
				CLANG_ENABLE_OBJC_WEAK = YES;
				CLANG_WARN_BLOCK_CAPTURE_AUTORELEASING = YES;
				CLANG_WARN_BOOL_CONVERSION = YES;
				CLANG_WARN_COMMA = YES;
				CLANG_WARN_CONSTANT_CONVERSION = YES;
				CLANG_WARN_DEPRECATED_OBJC_IMPLEMENTATIONS = YES;
				CLANG_WARN_DIRECT_OBJC_ISA_USAGE = YES_ERROR;
				CLANG_WARN_DOCUMENTATION_COMMENTS = YES;
				CLANG_WARN_EMPTY_BODY = YES;
				CLANG_WARN_ENUM_CONVERSION = YES;
				CLANG_WARN_INFINITE_RECURSION = YES;
				CLANG_WARN_INT_CONVERSION = YES;
				CLANG_WARN_NON_LITERAL_NULL_CONVERSION = YES;
				CLANG_WARN_OBJC_IMPLICIT_RETAIN_SELF = YES;
				CLANG_WARN_OBJC_LITERAL_CONVERSION = YES;
				CLANG_WARN_OBJC_ROOT_CLASS = YES_ERROR;
				CLANG_WARN_QUOTED_INCLUDE_IN_FRAMEWORK_HEADER = YES;
				CLANG_WARN_RANGE_LOOP_ANALYSIS = YES;
				CLANG_WARN_STRICT_PROTOTYPES = YES;
				CLANG_WARN_SUSPICIOUS_MOVE = YES;
				CLANG_WARN_UNGUARDED_AVAILABILITY = YES_AGGRESSIVE;
				CLANG_WARN_UNREACHABLE_CODE = YES;
				CLANG_WARN__DUPLICATE_METHOD_MATCH = YES;
				COPY_PHASE_STRIP = NO;
				DEBUG_INFORMATION_FORMAT = "dwarf-with-dsym";
				ENABLE_NS_ASSERTIONS = NO;
				ENABLE_STRICT_OBJC_MSGSEND = YES;
				GCC_C_LANGUAGE_STANDARD = gnu11;
				GCC_NO_COMMON_BLOCKS = YES;
				GCC_WARN_64_TO_32_BIT_CONVERSION = YES;
				GCC_WARN_ABOUT_RETURN_TYPE = YES_ERROR;
				GCC_WARN_UNDECLARED_SELECTOR = YES;
				GCC_WARN_UNINITIALIZED_AUTOS = YES_AGGRESSIVE;
				GCC_WARN_UNUSED_FUNCTION = YES;
				GCC_WARN_UNUSED_VARIABLE = YES;
				IPHONEOS_DEPLOYMENT_TARGET = 15.4;
				MTL_ENABLE_DEBUG_INFO = NO;
				MTL_FAST_MATH = YES;
				SDKROOT = iphoneos;
				SWIFT_COMPILATION_MODE = wholemodule;
				SWIFT_OPTIMIZATION_LEVEL = "-O";
				VALIDATE_PRODUCT = YES;
			};
			name = Release;
		};
		184ABED42831A2FB00A15A73 /* Debug */ = {
			isa = XCBuildConfiguration;
			buildSettings = {
				ASSETCATALOG_COMPILER_APPICON_NAME = AppIcon;
				ASSETCATALOG_COMPILER_GLOBAL_ACCENT_COLOR_NAME = AccentColor;
				CODE_SIGN_IDENTITY = "Apple Development";
				CODE_SIGN_STYLE = Automatic;
				CURRENT_PROJECT_VERSION = 1;
				DEVELOPMENT_ASSET_PATHS = "\"CalculadoraDeIMC/Preview Content\"";
				DEVELOPMENT_TEAM = AQU6FLQKMS;
				ENABLE_PREVIEWS = YES;
				GENERATE_INFOPLIST_FILE = YES;
				INFOPLIST_KEY_UIApplicationSceneManifest_Generation = YES;
				INFOPLIST_KEY_UIApplicationSupportsIndirectInputEvents = YES;
				INFOPLIST_KEY_UILaunchScreen_Generation = YES;
				INFOPLIST_KEY_UISupportedInterfaceOrientations_iPad = "UIInterfaceOrientationPortrait UIInterfaceOrientationPortraitUpsideDown UIInterfaceOrientationLandscapeLeft UIInterfaceOrientationLandscapeRight";
				INFOPLIST_KEY_UISupportedInterfaceOrientations_iPhone = "UIInterfaceOrientationPortrait UIInterfaceOrientationLandscapeLeft UIInterfaceOrientationLandscapeRight";
				IPHONEOS_DEPLOYMENT_TARGET = 15.4;
				LD_RUNPATH_SEARCH_PATHS = (
					"$(inherited)",
					"@executable_path/Frameworks",
				);
				MARKETING_VERSION = 1.0;
				PRODUCT_BUNDLE_IDENTIFIER = com.CalculadoraDeIMC;
				PRODUCT_NAME = "$(TARGET_NAME)";
				PROVISIONING_PROFILE_SPECIFIER = "";
				SWIFT_EMIT_LOC_STRINGS = YES;
				SWIFT_VERSION = 5.0;
				TARGETED_DEVICE_FAMILY = "1,2";
			};
			name = Debug;
		};
		184ABED52831A2FB00A15A73 /* Release */ = {
			isa = XCBuildConfiguration;
			buildSettings = {
				ASSETCATALOG_COMPILER_APPICON_NAME = AppIcon;
				ASSETCATALOG_COMPILER_GLOBAL_ACCENT_COLOR_NAME = AccentColor;
				CODE_SIGN_IDENTITY = "Apple Development";
				CODE_SIGN_STYLE = Automatic;
				CURRENT_PROJECT_VERSION = 1;
				DEVELOPMENT_ASSET_PATHS = "\"CalculadoraDeIMC/Preview Content\"";
				DEVELOPMENT_TEAM = AQU6FLQKMS;
				ENABLE_PREVIEWS = YES;
				GENERATE_INFOPLIST_FILE = YES;
				INFOPLIST_KEY_UIApplicationSceneManifest_Generation = YES;
				INFOPLIST_KEY_UIApplicationSupportsIndirectInputEvents = YES;
				INFOPLIST_KEY_UILaunchScreen_Generation = YES;
				INFOPLIST_KEY_UISupportedInterfaceOrientations_iPad = "UIInterfaceOrientationPortrait UIInterfaceOrientationPortraitUpsideDown UIInterfaceOrientationLandscapeLeft UIInterfaceOrientationLandscapeRight";
				INFOPLIST_KEY_UISupportedInterfaceOrientations_iPhone = "UIInterfaceOrientationPortrait UIInterfaceOrientationLandscapeLeft UIInterfaceOrientationLandscapeRight";
				IPHONEOS_DEPLOYMENT_TARGET = 15.4;
				LD_RUNPATH_SEARCH_PATHS = (
					"$(inherited)",
					"@executable_path/Frameworks",
				);
				MARKETING_VERSION = 1.0;
				PRODUCT_BUNDLE_IDENTIFIER = com.CalculadoraDeIMC;
				PRODUCT_NAME = "$(TARGET_NAME)";
				PROVISIONING_PROFILE_SPECIFIER = "";
				SWIFT_EMIT_LOC_STRINGS = YES;
				SWIFT_VERSION = 5.0;
				TARGETED_DEVICE_FAMILY = "1,2";
			};
			name = Release;
		};
/* End XCBuildConfiguration section */

/* Begin XCConfigurationList section */
		184ABEC02831A2F500A15A73 /* Build configuration list for PBXProject "CalculadoraDeIMC" */ = {
			isa = XCConfigurationList;
			buildConfigurations = (
				184ABED12831A2FB00A15A73 /* Debug */,
				184ABED22831A2FB00A15A73 /* Release */,
			);
			defaultConfigurationIsVisible = 0;
			defaultConfigurationName = Release;
		};
		184ABED32831A2FB00A15A73 /* Build configuration list for PBXNativeTarget "CalculadoraDeIMC" */ = {
			isa = XCConfigurationList;
			buildConfigurations = (
				184ABED42831A2FB00A15A73 /* Debug */,
				184ABED52831A2FB00A15A73 /* Release */,
			);
			defaultConfigurationIsVisible = 0;
			defaultConfigurationName = Release;
		};
/* End XCConfigurationList section */
	};
	rootObject = 184ABEBD2831A2F500A15A73 /* Project object */;
}
